
Microsoft Visual Studio Solution File, Format Version 12.00
# Visual Studio Version 17
VisualStudioVersion = 17.4.33205.214
MinimumVisualStudioVersion = 10.0.40219.1
Project("{FAE04EC0-301F-11D3-BF4B-00C04F79EFBC}") = "NoteAppPractice", "NoteAppPractice\NoteAppPractice.csproj", "{0A925DD2-E37F-4F2E-BA86-384A794935DE}"
EndProject
Global
	GlobalSection(SolutionConfigurationPlatforms) = preSolution
		Debug|Any CPU = Debug|Any CPU
		Release|Any CPU = Release|Any CPU
	EndGlobalSection
	GlobalSection(ProjectConfigurationPlatforms) = postSolution
		{0A925DD2-E37F-4F2E-BA86-384A794935DE}.Debug|Any CPU.ActiveCfg = Debug|Any CPU
		{0A925DD2-E37F-4F2E-BA86-384A794935DE}.Debug|Any CPU.Build.0 = Debug|Any CPU
		{0A925DD2-E37F-4F2E-BA86-384A794935DE}.Release|Any CPU.ActiveCfg = Release|Any CPU
		{0A925DD2-E37F-4F2E-BA86-384A794935DE}.Release|Any CPU.Build.0 = Release|Any CPU
	EndGlobalSection
	GlobalSection(SolutionProperties) = preSolution
		HideSolutionNode = FALSE
	EndGlobalSection
	GlobalSection(ExtensibilityGlobals) = postSolution
		SolutionGuid = {693D56AD-DC9C-441B-9AE4-FBC76FB50A6F}
	EndGlobalSection
EndGlobal
